// !$*UTF8*$!
{
	archiveVersion = 1;
	classes = {
	};
	objectVersion = 46;
	objects = {

/* Begin PBXBuildFile section */
		F1E4A8F518ECDF1500C83628 /* Foundation.framework in Frameworks */ = {isa = PBXBuildFile; fileRef = F1E4A8F418ECDF1500C83628 /* Foundation.framework */; };
		F1E4A8F718ECDF1500C83628 /* CoreGraphics.framework in Frameworks */ = {isa = PBXBuildFile; fileRef = F1E4A8F618ECDF1500C83628 /* CoreGraphics.framework */; };
		F1E4A8F918ECDF1500C83628 /* UIKit.framework in Frameworks */ = {isa = PBXBuildFile; fileRef = F1E4A8F818ECDF1500C83628 /* UIKit.framework */; };
		F1E4A8FF18ECDF1600C83628 /* InfoPlist.strings in Resources */ = {isa = PBXBuildFile; fileRef = F1E4A8FD18ECDF1600C83628 /* InfoPlist.strings */; };
		F1E4A90118ECDF1600C83628 /* main.m in Sources */ = {isa = PBXBuildFile; fileRef = F1E4A90018ECDF1600C83628 /* main.m */; };
		F1E4A90518ECDF1600C83628 /* SubnetCalcAppDelegate.m in Sources */ = {isa = PBXBuildFile; fileRef = F1E4A90418ECDF1600C83628 /* SubnetCalcAppDelegate.m */; };
		F1E4A90818ECDF1600C83628 /* Main.storyboard in Resources */ = {isa = PBXBuildFile; fileRef = F1E4A90618ECDF1600C83628 /* Main.storyboard */; };
		F1E4A90B18ECDF1600C83628 /* SubnetCalcViewController.m in Sources */ = {isa = PBXBuildFile; fileRef = F1E4A90A18ECDF1600C83628 /* SubnetCalcViewController.m */; };
		F1E4A90D18ECDF1600C83628 /* Images.xcassets in Resources */ = {isa = PBXBuildFile; fileRef = F1E4A90C18ECDF1600C83628 /* Images.xcassets */; };
		F1E4A91418ECDF1600C83628 /* XCTest.framework in Frameworks */ = {isa = PBXBuildFile; fileRef = F1E4A91318ECDF1600C83628 /* XCTest.framework */; };
		F1E4A91518ECDF1600C83628 /* Foundation.framework in Frameworks */ = {isa = PBXBuildFile; fileRef = F1E4A8F418ECDF1500C83628 /* Foundation.framework */; };
		F1E4A91618ECDF1600C83628 /* UIKit.framework in Frameworks */ = {isa = PBXBuildFile; fileRef = F1E4A8F818ECDF1500C83628 /* UIKit.framework */; };
		F1E4A91E18ECDF1600C83628 /* InfoPlist.strings in Resources */ = {isa = PBXBuildFile; fileRef = F1E4A91C18ECDF1600C83628 /* InfoPlist.strings */; };
		F1E4A92018ECDF1600C83628 /* SubnetCalcTests.m in Sources */ = {isa = PBXBuildFile; fileRef = F1E4A91F18ECDF1600C83628 /* SubnetCalcTests.m */; };
		F1E4A92E18ECE26900C83628 /* SubnetCalcProcessAddress.m in Sources */ = {isa = PBXBuildFile; fileRef = F1E4A92D18ECE26900C83628 /* SubnetCalcProcessAddress.m */; };
/* End PBXBuildFile section */

/* Begin PBXContainerItemProxy section */
		F1E4A91718ECDF1600C83628 /* PBXContainerItemProxy */ = {
			isa = PBXContainerItemProxy;
			containerPortal = F1E4A8E918ECDF1500C83628 /* Project object */;
			proxyType = 1;
			remoteGlobalIDString = F1E4A8F018ECDF1500C83628;
			remoteInfo = SubnetCalc;
		};
/* End PBXContainerItemProxy section */

/* Begin PBXFileReference section */
		F1E4A8F118ECDF1500C83628 /* SubnetCalc.app */ = {isa = PBXFileReference; explicitFileType = wrapper.application; includeInIndex = 0; path = SubnetCalc.app; sourceTree = BUILT_PRODUCTS_DIR; };
		F1E4A8F418ECDF1500C83628 /* Foundation.framework */ = {isa = PBXFileReference; lastKnownFileType = wrapper.framework; name = Foundation.framework; path = System/Library/Frameworks/Foundation.framework; sourceTree = SDKROOT; };
		F1E4A8F618ECDF1500C83628 /* CoreGraphics.framework */ = {isa = PBXFileReference; lastKnownFileType = wrapper.framework; name = CoreGraphics.framework; path = System/Library/Frameworks/CoreGraphics.framework; sourceTree = SDKROOT; };
		F1E4A8F818ECDF1500C83628 /* UIKit.framework */ = {isa = PBXFileReference; lastKnownFileType = wrapper.framework; name = UIKit.framework; path = System/Library/Frameworks/UIKit.framework; sourceTree = SDKROOT; };
		F1E4A8FC18ECDF1600C83628 /* SubnetCalc-Info.plist */ = {isa = PBXFileReference; lastKnownFileType = text.plist.xml; path = "SubnetCalc-Info.plist"; sourceTree = "<group>"; };
		F1E4A8FE18ECDF1600C83628 /* en */ = {isa = PBXFileReference; lastKnownFileType = text.plist.strings; name = en; path = en.lproj/InfoPlist.strings; sourceTree = "<group>"; };
		F1E4A90018ECDF1600C83628 /* main.m */ = {isa = PBXFileReference; lastKnownFileType = sourcecode.c.objc; path = main.m; sourceTree = "<group>"; };
		F1E4A90218ECDF1600C83628 /* SubnetCalc-Prefix.pch */ = {isa = PBXFileReference; lastKnownFileType = sourcecode.c.h; path = "SubnetCalc-Prefix.pch"; sourceTree = "<group>"; };
		F1E4A90318ECDF1600C83628 /* SubnetCalcAppDelegate.h */ = {isa = PBXFileReference; lastKnownFileType = sourcecode.c.h; path = SubnetCalcAppDelegate.h; sourceTree = "<group>"; };
		F1E4A90418ECDF1600C83628 /* SubnetCalcAppDelegate.m */ = {isa = PBXFileReference; lastKnownFileType = sourcecode.c.objc; path = SubnetCalcAppDelegate.m; sourceTree = "<group>"; };
		F1E4A90718ECDF1600C83628 /* Base */ = {isa = PBXFileReference; lastKnownFileType = file.storyboard; name = Base; path = Base.lproj/Main.storyboard; sourceTree = "<group>"; };
		F1E4A90918ECDF1600C83628 /* SubnetCalcViewController.h */ = {isa = PBXFileReference; lastKnownFileType = sourcecode.c.h; path = SubnetCalcViewController.h; sourceTree = "<group>"; };
		F1E4A90A18ECDF1600C83628 /* SubnetCalcViewController.m */ = {isa = PBXFileReference; lastKnownFileType = sourcecode.c.objc; path = SubnetCalcViewController.m; sourceTree = "<group>"; };
		F1E4A90C18ECDF1600C83628 /* Images.xcassets */ = {isa = PBXFileReference; lastKnownFileType = folder.assetcatalog; path = Images.xcassets; sourceTree = "<group>"; };
		F1E4A91218ECDF1600C83628 /* SubnetCalcTests.xctest */ = {isa = PBXFileReference; explicitFileType = wrapper.cfbundle; includeInIndex = 0; path = SubnetCalcTests.xctest; sourceTree = BUILT_PRODUCTS_DIR; };
		F1E4A91318ECDF1600C83628 /* XCTest.framework */ = {isa = PBXFileReference; lastKnownFileType = wrapper.framework; name = XCTest.framework; path = Library/Frameworks/XCTest.framework; sourceTree = DEVELOPER_DIR; };
		F1E4A91B18ECDF1600C83628 /* SubnetCalcTests-Info.plist */ = {isa = PBXFileReference; lastKnownFileType = text.plist.xml; path = "SubnetCalcTests-Info.plist"; sourceTree = "<group>"; };
		F1E4A91D18ECDF1600C83628 /* en */ = {isa = PBXFileReference; lastKnownFileType = text.plist.strings; name = en; path = en.lproj/InfoPlist.strings; sourceTree = "<group>"; };
		F1E4A91F18ECDF1600C83628 /* SubnetCalcTests.m */ = {isa = PBXFileReference; lastKnownFileType = sourcecode.c.objc; path = SubnetCalcTests.m; sourceTree = "<group>"; };
		F1E4A92C18ECE26900C83628 /* SubnetCalcProcessAddress.h */ = {isa = PBXFileReference; fileEncoding = 4; lastKnownFileType = sourcecode.c.h; path = SubnetCalcProcessAddress.h; sourceTree = "<group>"; };
		F1E4A92D18ECE26900C83628 /* SubnetCalcProcessAddress.m */ = {isa = PBXFileReference; fileEncoding = 4; lastKnownFileType = sourcecode.c.objc; path = SubnetCalcProcessAddress.m; sourceTree = "<group>"; };
/* End PBXFileReference section */

/* Begin PBXFrameworksBuildPhase section */
		F1E4A8EE18ECDF1500C83628 /* Frameworks */ = {
			isa = PBXFrameworksBuildPhase;
			buildActionMask = 2147483647;
			files = (
				F1E4A8F718ECDF1500C83628 /* CoreGraphics.framework in Frameworks */,
				F1E4A8F918ECDF1500C83628 /* UIKit.framework in Frameworks */,
				F1E4A8F518ECDF1500C83628 /* Foundation.framework in Frameworks */,
			);
			runOnlyForDeploymentPostprocessing = 0;
		};
		F1E4A90F18ECDF1600C83628 /* Frameworks */ = {
			isa = PBXFrameworksBuildPhase;
			buildActionMask = 2147483647;
			files = (
				F1E4A91418ECDF1600C83628 /* XCTest.framework in Frameworks */,
				F1E4A91618ECDF1600C83628 /* UIKit.framework in Frameworks */,
				F1E4A91518ECDF1600C83628 /* Foundation.framework in Frameworks */,
			);
			runOnlyForDeploymentPostprocessing = 0;
		};
/* End PBXFrameworksBuildPhase section */

/* Begin PBXGroup section */
		F1E4A8E818ECDF1500C83628 = {
			isa = PBXGroup;
			children = (
				F1E4A8FA18ECDF1600C83628 /* SubnetCalc */,
				F1E4A91918ECDF1600C83628 /* SubnetCalcTests */,
				F1E4A8F318ECDF1500C83628 /* Frameworks */,
				F1E4A8F218ECDF1500C83628 /* Products */,
			);
			sourceTree = "<group>";
		};
		F1E4A8F218ECDF1500C83628 /* Products */ = {
			isa = PBXGroup;
			children = (
				F1E4A8F118ECDF1500C83628 /* SubnetCalc.app */,
				F1E4A91218ECDF1600C83628 /* SubnetCalcTests.xctest */,
			);
			name = Products;
			sourceTree = "<group>";
		};
		F1E4A8F318ECDF1500C83628 /* Frameworks */ = {
			isa = PBXGroup;
			children = (
				F1E4A8F418ECDF1500C83628 /* Foundation.framework */,
				F1E4A8F618ECDF1500C83628 /* CoreGraphics.framework */,
				F1E4A8F818ECDF1500C83628 /* UIKit.framework */,
				F1E4A91318ECDF1600C83628 /* XCTest.framework */,
			);
			name = Frameworks;
			sourceTree = "<group>";
		};
		F1E4A8FA18ECDF1600C83628 /* SubnetCalc */ = {
			isa = PBXGroup;
			children = (
				F1E4A92B18ECDFFB00C83628 /* Model */,
				F1E4A92A18ECDFF400C83628 /* Controller */,
				F1E4A92918ECDFE500C83628 /* View */,
				F1E4A90618ECDF1600C83628 /* Main.storyboard */,
				F1E4A90C18ECDF1600C83628 /* Images.xcassets */,
				F1E4A8FB18ECDF1600C83628 /* Supporting Files */,
			);
			path = SubnetCalc;
			sourceTree = "<group>";
		};
		F1E4A8FB18ECDF1600C83628 /* Supporting Files */ = {
			isa = PBXGroup;
			children = (
				F1E4A90318ECDF1600C83628 /* SubnetCalcAppDelegate.h */,
				F1E4A90418ECDF1600C83628 /* SubnetCalcAppDelegate.m */,
				F1E4A8FC18ECDF1600C83628 /* SubnetCalc-Info.plist */,
				F1E4A8FD18ECDF1600C83628 /* InfoPlist.strings */,
				F1E4A90018ECDF1600C83628 /* main.m */,
				F1E4A90218ECDF1600C83628 /* SubnetCalc-Prefix.pch */,
			);
			name = "Supporting Files";
			sourceTree = "<group>";
		};
		F1E4A91918ECDF1600C83628 /* SubnetCalcTests */ = {
			isa = PBXGroup;
			children = (
				F1E4A91F18ECDF1600C83628 /* SubnetCalcTests.m */,
				F1E4A91A18ECDF1600C83628 /* Supporting Files */,
			);
			path = SubnetCalcTests;
			sourceTree = "<group>";
		};
		F1E4A91A18ECDF1600C83628 /* Supporting Files */ = {
			isa = PBXGroup;
			children = (
				F1E4A91B18ECDF1600C83628 /* SubnetCalcTests-Info.plist */,
				F1E4A91C18ECDF1600C83628 /* InfoPlist.strings */,
			);
			name = "Supporting Files";
			sourceTree = "<group>";
		};
		F1E4A92918ECDFE500C83628 /* View */ = {
			isa = PBXGroup;
			children = (
			);
			name = View;
			sourceTree = "<group>";
		};
		F1E4A92A18ECDFF400C83628 /* Controller */ = {
			isa = PBXGroup;
			children = (
				F1E4A90918ECDF1600C83628 /* SubnetCalcViewController.h */,
				F1E4A90A18ECDF1600C83628 /* SubnetCalcViewController.m */,
			);
			name = Controller;
			sourceTree = "<group>";
		};
		F1E4A92B18ECDFFB00C83628 /* Model */ = {
			isa = PBXGroup;
			children = (
				F1E4A92C18ECE26900C83628 /* SubnetCalcProcessAddress.h */,
				F1E4A92D18ECE26900C83628 /* SubnetCalcProcessAddress.m */,
			);
			name = Model;
			sourceTree = "<group>";
		};
/* End PBXGroup section */

/* Begin PBXNativeTarget section */
		F1E4A8F018ECDF1500C83628 /* SubnetCalc */ = {
			isa = PBXNativeTarget;
			buildConfigurationList = F1E4A92318ECDF1600C83628 /* Build configuration list for PBXNativeTarget "SubnetCalc" */;
			buildPhases = (
				F1E4A8ED18ECDF1500C83628 /* Sources */,
				F1E4A8EE18ECDF1500C83628 /* Frameworks */,
				F1E4A8EF18ECDF1500C83628 /* Resources */,
			);
			buildRules = (
			);
			dependencies = (
			);
			name = SubnetCalc;
			productName = SubnetCalc;
			productReference = F1E4A8F118ECDF1500C83628 /* SubnetCalc.app */;
			productType = "com.apple.product-type.application";
		};
		F1E4A91118ECDF1600C83628 /* SubnetCalcTests */ = {
			isa = PBXNativeTarget;
			buildConfigurationList = F1E4A92618ECDF1600C83628 /* Build configuration list for PBXNativeTarget "SubnetCalcTests" */;
			buildPhases = (
				F1E4A90E18ECDF1600C83628 /* Sources */,
				F1E4A90F18ECDF1600C83628 /* Frameworks */,
				F1E4A91018ECDF1600C83628 /* Resources */,
			);
			buildRules = (
			);
			dependencies = (
				F1E4A91818ECDF1600C83628 /* PBXTargetDependency */,
			);
			name = SubnetCalcTests;
			productName = SubnetCalcTests;
			productReference = F1E4A91218ECDF1600C83628 /* SubnetCalcTests.xctest */;
			productType = "com.apple.product-type.bundle.unit-test";
		};
/* End PBXNativeTarget section */

/* Begin PBXProject section */
		F1E4A8E918ECDF1500C83628 /* Project object */ = {
			isa = PBXProject;
			attributes = {
				CLASSPREFIX = SubnetCalc;
				LastUpgradeCheck = 0510;
				ORGANIZATIONNAME = Home;
				TargetAttributes = {
					F1E4A91118ECDF1600C83628 = {
						TestTargetID = F1E4A8F018ECDF1500C83628;
					};
				};
			};
			buildConfigurationList = F1E4A8EC18ECDF1500C83628 /* Build configuration list for PBXProject "SubnetCalc" */;
			compatibilityVersion = "Xcode 3.2";
			developmentRegion = English;
			hasScannedForEncodings = 0;
			knownRegions = (
				en,
				Base,
			);
			mainGroup = F1E4A8E818ECDF1500C83628;
			productRefGroup = F1E4A8F218ECDF1500C83628 /* Products */;
			projectDirPath = "";
			projectRoot = "";
			targets = (
				F1E4A8F018ECDF1500C83628 /* SubnetCalc */,
				F1E4A91118ECDF1600C83628 /* SubnetCalcTests */,
			);
		};
/* End PBXProject section */

/* Begin PBXResourcesBuildPhase section */
		F1E4A8EF18ECDF1500C83628 /* Resources */ = {
			isa = PBXResourcesBuildPhase;
			buildActionMask = 2147483647;
			files = (
				F1E4A90D18ECDF1600C83628 /* Images.xcassets in Resources */,
				F1E4A8FF18ECDF1600C83628 /* InfoPlist.strings in Resources */,
				F1E4A90818ECDF1600C83628 /* Main.storyboard in Resources */,
			);
			runOnlyForDeploymentPostprocessing = 0;
		};
		F1E4A91018ECDF1600C83628 /* Resources */ = {
			isa = PBXResourcesBuildPhase;
			buildActionMask = 2147483647;
			files = (
				F1E4A91E18ECDF1600C83628 /* InfoPlist.strings in Resources */,
			);
			runOnlyForDeploymentPostprocessing = 0;
		};
/* End PBXResourcesBuildPhase section */

/* Begin PBXSourcesBuildPhase section */
		F1E4A8ED18ECDF1500C83628 /* Sources */ = {
			isa = PBXSourcesBuildPhase;
			buildActionMask = 2147483647;
			files = (
				F1E4A90518ECDF1600C83628 /* SubnetCalcAppDelegate.m in Sources */,
				F1E4A90B18ECDF1600C83628 /* SubnetCalcViewController.m in Sources */,
				F1E4A92E18ECE26900C83628 /* SubnetCalcProcessAddress.m in Sources */,
				F1E4A90118ECDF1600C83628 /* main.m in Sources */,
			);
			runOnlyForDeploymentPostprocessing = 0;
		};
		F1E4A90E18ECDF1600C83628 /* Sources */ = {
			isa = PBXSourcesBuildPhase;
			buildActionMask = 2147483647;
			files = (
				F1E4A92018ECDF1600C83628 /* SubnetCalcTests.m in Sources */,
			);
			runOnlyForDeploymentPostprocessing = 0;
		};
/* End PBXSourcesBuildPhase section */

/* Begin PBXTargetDependency section */
		F1E4A91818ECDF1600C83628 /* PBXTargetDependency */ = {
			isa = PBXTargetDependency;
			target = F1E4A8F018ECDF1500C83628 /* SubnetCalc */;
			targetProxy = F1E4A91718ECDF1600C83628 /* PBXContainerItemProxy */;
		};
/* End PBXTargetDependency section */

/* Begin PBXVariantGroup section */
		F1E4A8FD18ECDF1600C83628 /* InfoPlist.strings */ = {
			isa = PBXVariantGroup;
			children = (
				F1E4A8FE18ECDF1600C83628 /* en */,
			);
			name = InfoPlist.strings;
			sourceTree = "<group>";
		};
		F1E4A90618ECDF1600C83628 /* Main.storyboard */ = {
			isa = PBXVariantGroup;
			children = (
				F1E4A90718ECDF1600C83628 /* Base */,
			);
			name = Main.storyboard;
			sourceTree = "<group>";
		};
		F1E4A91C18ECDF1600C83628 /* InfoPlist.strings */ = {
			isa = PBXVariantGroup;
			children = (
				F1E4A91D18ECDF1600C83628 /* en */,
			);
			name = InfoPlist.strings;
			sourceTree = "<group>";
		};
/* End PBXVariantGroup section */

/* Begin XCBuildConfiguration section */
		F1E4A92118ECDF1600C83628 /* Debug */ = {
			isa = XCBuildConfiguration;
			buildSettings = {
				ALWAYS_SEARCH_USER_PATHS = NO;
				CLANG_CXX_LANGUAGE_STANDARD = "gnu++0x";
				CLANG_CXX_LIBRARY = "libc++";
				CLANG_ENABLE_MODULES = YES;
				CLANG_ENABLE_OBJC_ARC = YES;
				CLANG_WARN_BOOL_CONVERSION = YES;
				CLANG_WARN_CONSTANT_CONVERSION = YES;
				CLANG_WARN_DIRECT_OBJC_ISA_USAGE = YES_ERROR;
				CLANG_WARN_EMPTY_BODY = YES;
				CLANG_WARN_ENUM_CONVERSION = YES;
				CLANG_WARN_INT_CONVERSION = YES;
				CLANG_WARN_OBJC_ROOT_CLASS = YES_ERROR;
				CLANG_WARN__DUPLICATE_METHOD_MATCH = YES;
				"CODE_SIGN_IDENTITY[sdk=iphoneos*]" = "iPhone Developer";
				COPY_PHASE_STRIP = NO;
				GCC_C_LANGUAGE_STANDARD = gnu99;
				GCC_DYNAMIC_NO_PIC = NO;
				GCC_OPTIMIZATION_LEVEL = 0;
				GCC_PREPROCESSOR_DEFINITIONS = (
					"DEBUG=1",
					"$(inherited)",
				);
				GCC_SYMBOLS_PRIVATE_EXTERN = NO;
				GCC_WARN_64_TO_32_BIT_CONVERSION = YES;
				GCC_WARN_ABOUT_RETURN_TYPE = YES_ERROR;
				GCC_WARN_UNDECLARED_SELECTOR = YES;
				GCC_WARN_UNINITIALIZED_AUTOS = YES_AGGRESSIVE;
				GCC_WARN_UNUSED_FUNCTION = YES;
				GCC_WARN_UNUSED_VARIABLE = YES;
				IPHONEOS_DEPLOYMENT_TARGET = 7.1;
				ONLY_ACTIVE_ARCH = YES;
				SDKROOT = iphoneos;
			};
			name = Debug;
		};
		F1E4A92218ECDF1600C83628 /* Release */ = {
			isa = XCBuildConfiguration;
			buildSettings = {
				ALWAYS_SEARCH_USER_PATHS = NO;
				CLANG_CXX_LANGUAGE_STANDARD = "gnu++0x";
				CLANG_CXX_LIBRARY = "libc++";
				CLANG_ENABLE_MODULES = YES;
				CLANG_ENABLE_OBJC_ARC = YES;
				CLANG_WARN_BOOL_CONVERSION = YES;
				CLANG_WARN_CONSTANT_CONVERSION = YES;
				CLANG_WARN_DIRECT_OBJC_ISA_USAGE = YES_ERROR;
				CLANG_WARN_EMPTY_BODY = YES;
				CLANG_WARN_ENUM_CONVERSION = YES;
				CLANG_WARN_INT_CONVERSION = YES;
				CLANG_WARN_OBJC_ROOT_CLASS = YES_ERROR;
				CLANG_WARN__DUPLICATE_METHOD_MATCH = YES;
				"CODE_SIGN_IDENTITY[sdk=iphoneos*]" = "iPhone Developer";
				COPY_PHASE_STRIP = YES;
				ENABLE_NS_ASSERTIONS = NO;
				GCC_C_LANGUAGE_STANDARD = gnu99;
				GCC_WARN_64_TO_32_BIT_CONVERSION = YES;
				GCC_WARN_ABOUT_RETURN_TYPE = YES_ERROR;
				GCC_WARN_UNDECLARED_SELECTOR = YES;
				GCC_WARN_UNINITIALIZED_AUTOS = YES_AGGRESSIVE;
				GCC_WARN_UNUSED_FUNCTION = YES;
				GCC_WARN_UNUSED_VARIABLE = YES;
				IPHONEOS_DEPLOYMENT_TARGET = 7.1;
				SDKROOT = iphoneos;
				VALIDATE_PRODUCT = YES;
			};
			name = Release;
		};
		F1E4A92418ECDF1600C83628 /* Debug */ = {
			isa = XCBuildConfiguration;
			buildSettings = {
				ASSETCATALOG_COMPILER_APPICON_NAME = AppIcon;
				ASSETCATALOG_COMPILER_LAUNCHIMAGE_NAME = LaunchImage;
				GCC_PRECOMPILE_PREFIX_HEADER = YES;
				GCC_PREFIX_HEADER = "SubnetCalc/SubnetCalc-Prefix.pch";
				INFOPLIST_FILE = "SubnetCalc/SubnetCalc-Info.plist";
				PRODUCT_NAME = "$(TARGET_NAME)";
				WRAPPER_EXTENSION = app;
			};
			name = Debug;
		};
		F1E4A92518ECDF1600C83628 /* Release */ = {
			isa = XCBuildConfiguration;
			buildSettings = {
				ASSETCATALOG_COMPILER_APPICON_NAME = AppIcon;
				ASSETCATALOG_COMPILER_LAUNCHIMAGE_NAME = LaunchImage;
				GCC_PRECOMPILE_PREFIX_HEADER = YES;
				GCC_PREFIX_HEADER = "SubnetCalc/SubnetCalc-Prefix.pch";
				INFOPLIST_FILE = "SubnetCalc/SubnetCalc-Info.plist";
				PRODUCT_NAME = "$(TARGET_NAME)";
				WRAPPER_EXTENSION = app;
			};
			name = Release;
		};
		F1E4A92718ECDF1600C83628 /* Debug */ = {
			isa = XCBuildConfiguration;
			buildSettings = {
				BUNDLE_LOADER = "$(BUILT_PRODUCTS_DIR)/SubnetCalc.app/SubnetCalc";
				FRAMEWORK_SEARCH_PATHS = (
					"$(SDKROOT)/Developer/Library/Frameworks",
					"$(inherited)",
					"$(DEVELOPER_FRAMEWORKS_DIR)",
				);
				GCC_PRECOMPILE_PREFIX_HEADER = YES;
				GCC_PREFIX_HEADER = "SubnetCalc/SubnetCalc-Prefix.pch";
				GCC_PREPROCESSOR_DEFINITIONS = (
					"DEBUG=1",
					"$(inherited)",
				);
				INFOPLIST_FILE = "SubnetCalcTests/SubnetCalcTests-Info.plist";
				PRODUCT_NAME = "$(TARGET_NAME)";
				TEST_HOST = "$(BUNDLE_LOADER)";
				WRAPPER_EXTENSION = xctest;
			};
			name = Debug;
		};
		F1E4A92818ECDF1600C83628 /* Release */ = {
			isa = XCBuildConfiguration;
			buildSettings = {
				BUNDLE_LOADER = "$(BUILT_PRODUCTS_DIR)/SubnetCalc.app/SubnetCalc";
				FRAMEWORK_SEARCH_PATHS = (
					"$(SDKROOT)/Developer/Library/Frameworks",
					"$(inherited)",
					"$(DEVELOPER_FRAMEWORKS_DIR)",
				);
				GCC_PRECOMPILE_PREFIX_HEADER = YES;
				GCC_PREFIX_HEADER = "SubnetCalc/SubnetCalc-Prefix.pch";
				INFOPLIST_FILE = "SubnetCalcTests/SubnetCalcTests-Info.plist";
				PRODUCT_NAME = "$(TARGET_NAME)";
				TEST_HOST = "$(BUNDLE_LOADER)";
				WRAPPER_EXTENSION = xctest;
			};
			name = Release;
		};
/* End XCBuildConfiguration section */

/* Begin XCConfigurationList section */
		F1E4A8EC18ECDF1500C83628 /* Build configuration list for PBXProject "SubnetCalc" */ = {
			isa = XCConfigurationList;
			buildConfigurations = (
				F1E4A92118ECDF1600C83628 /* Debug */,
				F1E4A92218ECDF1600C83628 /* Release */,
			);
			defaultConfigurationIsVisible = 0;
			defaultConfigurationName = Release;
		};
		F1E4A92318ECDF1600C83628 /* Build configuration list for PBXNativeTarget "SubnetCalc" */ = {
			isa = XCConfigurationList;
			buildConfigurations = (
				F1E4A92418ECDF1600C83628 /* Debug */,
				F1E4A92518ECDF1600C83628 /* Release */,
			);
			defaultConfigurationIsVisible = 0;
		};
		F1E4A92618ECDF1600C83628 /* Build configuration list for PBXNativeTarget "SubnetCalcTests" */ = {
			isa = XCConfigurationList;
			buildConfigurations = (
				F1E4A92718ECDF1600C83628 /* Debug */,
				F1E4A92818ECDF1600C83628 /* Release */,
			);
			defaultConfigurationIsVisible = 0;
		};
/* End XCConfigurationList section */
	};
	rootObject = F1E4A8E918ECDF1500C83628 /* Project object */;
}
